{
  "name": "sayak-ai-chatbot",
  "lockfileVersion": 3,
  "requires": true,
  "packages": {
    "": {
      "name": "sayak-ai-chatbot",
      "devDependencies": {
        "pnpm": "^9.15.9",
        "prettier": "^3.2.0",
        "typescript": "^5.4.0"
      },
      "engines": {
        "node": ">=20.0.0",
        "pnpm": ">=9.0.0"
      }
    },
    "node_modules/pnpm": {
      "version": "9.15.9",
      "resolved": "https://registry.npmjs.org/pnpm/-/pnpm-9.15.9.tgz",
      "integrity": "sha512-aARhQYk8ZvrQHAeSMRKOmvuJ74fiaR1p5NQO7iKJiClf1GghgbrlW1hBjDolO95lpQXsfF+UA+zlzDzTfc8lMQ==",
      "dev": true,
      "license": "MIT",
      "bin": {
        "pnpm": "bin/pnpm.cjs",
        "pnpx": "bin/pnpx.cjs"
      },
      "engines": {
        "node": ">=18.12"
      },
      "funding": {
        "url": "https://opencollective.com/pnpm"
      }
    },
    "node_modules/prettier": {
      "version": "3.8.1",
      "resolved": "https://registry.npmjs.org/prettier/-/prettier-3.8.1.tgz",
      "integrity": "sha512-UOnG6LftzbdaHZcKoPFtOcCKztrQ57WkHDeRD9t/PTQtmT0NHSeWWepj6pS0z/N7+08BHFDQVUrfmfMRcZwbMg==",
      "dev": true,
      "license": "MIT",
      "bin": {
        "prettier": "bin/prettier.cjs"
      },
      "engines": {
        "node": ">=14"
      },
      "funding": {
        "url": "https://github.com/prettier/prettier?sponsor=1"
      }
    },
    "node_modules/typescript": {
      "version": "5.9.3",
      "resolved": "https://registry.npmjs.org/typescript/-/typescript-5.9.3.tgz",
      "integrity": "sha512-jl1vZzPDinLr9eUt3J/t7V6FgNEw9QjvBPdysz9KfQDD41fQrC2Y4vKQdiaUpFT4bXlb1RHhLpp8wtm6M5TgSw==",
      "dev": true,
      "license": "Apache-2.0",
      "bin": {
        "tsc": "bin/tsc",
        "tsserver": "bin/tsserver"
      },
      "engines": {
        "node": ">=14.17"
      }
    }
  }
}
